
Microsoft Visual Studio Solution File, Format Version 12.00
# Visual Studio Version 17
VisualStudioVersion = 17.13.35825.156 d17.13
MinimumVisualStudioVersion = 10.0.40219.1
Project("{FAE04EC0-301F-11D3-BF4B-00C04F79EFBC}") = "Tarea 5, 3", "Tarea 5, 3\Tarea 5, 3.csproj", "{61E8B410-4B69-4CD3-A569-004B64B9F3D3}"
EndProject
Global
	GlobalSection(SolutionConfigurationPlatforms) = preSolution
		Debug|Any CPU = Debug|Any CPU
		Release|Any CPU = Release|Any CPU
	EndGlobalSection
	GlobalSection(ProjectConfigurationPlatforms) = postSolution
		{61E8B410-4B69-4CD3-A569-004B64B9F3D3}.Debug|Any CPU.ActiveCfg = Debug|Any CPU
		{61E8B410-4B69-4CD3-A569-004B64B9F3D3}.Debug|Any CPU.Build.0 = Debug|Any CPU
		{61E8B410-4B69-4CD3-A569-004B64B9F3D3}.Release|Any CPU.ActiveCfg = Release|Any CPU
		{61E8B410-4B69-4CD3-A569-004B64B9F3D3}.Release|Any CPU.Build.0 = Release|Any CPU
	EndGlobalSection
	GlobalSection(SolutionProperties) = preSolution
		HideSolutionNode = FALSE
	EndGlobalSection
	GlobalSection(ExtensibilityGlobals) = postSolution
		SolutionGuid = {A97A25E9-891C-4F20-8DFE-40AEA37E4663}
	EndGlobalSection
EndGlobal
