
Microsoft Visual Studio Solution File, Format Version 12.00
# Visual Studio Version 17
VisualStudioVersion = 17.13.35825.156 d17.13
MinimumVisualStudioVersion = 10.0.40219.1
Project("{FAE04EC0-301F-11D3-BF4B-00C04F79EFBC}") = "Tarea 5, 1", "Tarea 5, 1\Tarea 5, 1.csproj", "{86666BF6-C318-4ABA-92E9-1CDE09713835}"
EndProject
Global
	GlobalSection(SolutionConfigurationPlatforms) = preSolution
		Debug|Any CPU = Debug|Any CPU
		Release|Any CPU = Release|Any CPU
	EndGlobalSection
	GlobalSection(ProjectConfigurationPlatforms) = postSolution
		{86666BF6-C318-4ABA-92E9-1CDE09713835}.Debug|Any CPU.ActiveCfg = Debug|Any CPU
		{86666BF6-C318-4ABA-92E9-1CDE09713835}.Debug|Any CPU.Build.0 = Debug|Any CPU
		{86666BF6-C318-4ABA-92E9-1CDE09713835}.Release|Any CPU.ActiveCfg = Release|Any CPU
		{86666BF6-C318-4ABA-92E9-1CDE09713835}.Release|Any CPU.Build.0 = Release|Any CPU
	EndGlobalSection
	GlobalSection(SolutionProperties) = preSolution
		HideSolutionNode = FALSE
	EndGlobalSection
	GlobalSection(ExtensibilityGlobals) = postSolution
		SolutionGuid = {A2E47897-2992-434A-ADAD-FF0A0A076FE8}
	EndGlobalSection
EndGlobal
